
Microsoft Visual Studio Solution File, Format Version 12.00
# Visual Studio Version 16
VisualStudioVersion = 16.0.32510.428
MinimumVisualStudioVersion = 10.0.40219.1
Project("{FAE04EC0-301F-11D3-BF4B-00C04F79EFBC}") = "tareafirma2-2.Android", "tareafirma2-2\tareafirma2-2.Android\tareafirma2-2.Android.csproj", "{A0B134AE-5673-4DA9-8DD9-A194F9DBB5E2}"
EndProject
Project("{FAE04EC0-301F-11D3-BF4B-00C04F79EFBC}") = "tareafirma2-2", "tareafirma2-2\tareafirma2-2\tareafirma2-2.csproj", "{453900CB-F1BC-4CBD-964E-A1C3C4A6FEF6}"
EndProject
Global
	GlobalSection(SolutionConfigurationPlatforms) = preSolution
		Debug|Any CPU = Debug|Any CPU
		Release|Any CPU = Release|Any CPU
	EndGlobalSection
	GlobalSection(ProjectConfigurationPlatforms) = postSolution
		{A0B134AE-5673-4DA9-8DD9-A194F9DBB5E2}.Debug|Any CPU.ActiveCfg = Debug|Any CPU
		{A0B134AE-5673-4DA9-8DD9-A194F9DBB5E2}.Debug|Any CPU.Build.0 = Debug|Any CPU
		{A0B134AE-5673-4DA9-8DD9-A194F9DBB5E2}.Debug|Any CPU.Deploy.0 = Debug|Any CPU
		{A0B134AE-5673-4DA9-8DD9-A194F9DBB5E2}.Release|Any CPU.ActiveCfg = Release|Any CPU
		{A0B134AE-5673-4DA9-8DD9-A194F9DBB5E2}.Release|Any CPU.Build.0 = Release|Any CPU
		{A0B134AE-5673-4DA9-8DD9-A194F9DBB5E2}.Release|Any CPU.Deploy.0 = Release|Any CPU
		{453900CB-F1BC-4CBD-964E-A1C3C4A6FEF6}.Debug|Any CPU.ActiveCfg = Debug|Any CPU
		{453900CB-F1BC-4CBD-964E-A1C3C4A6FEF6}.Debug|Any CPU.Build.0 = Debug|Any CPU
		{453900CB-F1BC-4CBD-964E-A1C3C4A6FEF6}.Debug|Any CPU.Deploy.0 = Debug|Any CPU
		{453900CB-F1BC-4CBD-964E-A1C3C4A6FEF6}.Release|Any CPU.ActiveCfg = Release|Any CPU
		{453900CB-F1BC-4CBD-964E-A1C3C4A6FEF6}.Release|Any CPU.Build.0 = Release|Any CPU
		{453900CB-F1BC-4CBD-964E-A1C3C4A6FEF6}.Release|Any CPU.Deploy.0 = Release|Any CPU
	EndGlobalSection
	GlobalSection(SolutionProperties) = preSolution
		HideSolutionNode = FALSE
	EndGlobalSection
	GlobalSection(ExtensibilityGlobals) = postSolution
		SolutionGuid = {81BAD49E-816E-4030-ADCB-5E89DBC5277B}
	EndGlobalSection
EndGlobal
